
Microsoft Visual Studio Solution File, Format Version 12.00
# Visual Studio Version 16
VisualStudioVersion = 16.0.29306.81
MinimumVisualStudioVersion = 10.0.40219.1
Project("{FAE04EC0-301F-11D3-BF4B-00C04F79EFBC}") = "BlankPageExample", "BlankPageExample\BlankPageExample.csproj", "{34944462-D6A7-44B4-901B-59036E2048FD}"
EndProject
Global
	GlobalSection(SolutionConfigurationPlatforms) = preSolution
		Debug|Any CPU = Debug|Any CPU
		Release|Any CPU = Release|Any CPU
	EndGlobalSection
	GlobalSection(ProjectConfigurationPlatforms) = postSolution
		{34944462-D6A7-44B4-901B-59036E2048FD}.Debug|Any CPU.ActiveCfg = Debug|Any CPU
		{34944462-D6A7-44B4-901B-59036E2048FD}.Debug|Any CPU.Build.0 = Debug|Any CPU
		{34944462-D6A7-44B4-901B-59036E2048FD}.Release|Any CPU.ActiveCfg = Release|Any CPU
		{34944462-D6A7-44B4-901B-59036E2048FD}.Release|Any CPU.Build.0 = Release|Any CPU
	EndGlobalSection
	GlobalSection(SolutionProperties) = preSolution
		HideSolutionNode = FALSE
	EndGlobalSection
	GlobalSection(ExtensibilityGlobals) = postSolution
		SolutionGuid = {C7612806-D3E8-4C9F-9B93-8F044C97D9A5}
	EndGlobalSection
EndGlobal
